
Microsoft Visual Studio Solution File, Format Version 12.00
# Visual Studio Version 17
VisualStudioVersion = 17.3.32901.215
MinimumVisualStudioVersion = 10.0.40219.1
Project("{FAE04EC0-301F-11D3-BF4B-00C04F79EFBC}") = "StudentCrud", "StudentCrud\StudentCrud.csproj", "{F8377571-EB8F-4C12-BAC3-B96173F80EEB}"
EndProject
Global
	GlobalSection(SolutionConfigurationPlatforms) = preSolution
		Debug|Any CPU = Debug|Any CPU
		Release|Any CPU = Release|Any CPU
	EndGlobalSection
	GlobalSection(ProjectConfigurationPlatforms) = postSolution
		{F8377571-EB8F-4C12-BAC3-B96173F80EEB}.Debug|Any CPU.ActiveCfg = Debug|Any CPU
		{F8377571-EB8F-4C12-BAC3-B96173F80EEB}.Debug|Any CPU.Build.0 = Debug|Any CPU
		{F8377571-EB8F-4C12-BAC3-B96173F80EEB}.Release|Any CPU.ActiveCfg = Release|Any CPU
		{F8377571-EB8F-4C12-BAC3-B96173F80EEB}.Release|Any CPU.Build.0 = Release|Any CPU
	EndGlobalSection
	GlobalSection(SolutionProperties) = preSolution
		HideSolutionNode = FALSE
	EndGlobalSection
	GlobalSection(ExtensibilityGlobals) = postSolution
		SolutionGuid = {B387880D-4D49-4091-99BB-52356B907D28}
	EndGlobalSection
EndGlobal
